
Microsoft Visual Studio Solution File, Format Version 12.00
# Visual Studio Version 17
VisualStudioVersion = 17.14.36414.22 d17.14
MinimumVisualStudioVersion = 10.0.40219.1
Project("{FAE04EC0-301F-11D3-BF4B-00C04F79EFBC}") = "TruckScale.Pos", "TruckScale.Pos\TruckScale.Pos.csproj", "{E409CB14-A800-4C4F-BA85-DF6F655597AD}"
EndProject
Global
	GlobalSection(SolutionConfigurationPlatforms) = preSolution
		Debug|Any CPU = Debug|Any CPU
		Release|Any CPU = Release|Any CPU
	EndGlobalSection
	GlobalSection(ProjectConfigurationPlatforms) = postSolution
		{E409CB14-A800-4C4F-BA85-DF6F655597AD}.Debug|Any CPU.ActiveCfg = Debug|Any CPU
		{E409CB14-A800-4C4F-BA85-DF6F655597AD}.Debug|Any CPU.Build.0 = Debug|Any CPU
		{E409CB14-A800-4C4F-BA85-DF6F655597AD}.Release|Any CPU.ActiveCfg = Release|Any CPU
		{E409CB14-A800-4C4F-BA85-DF6F655597AD}.Release|Any CPU.Build.0 = Release|Any CPU
	EndGlobalSection
	GlobalSection(SolutionProperties) = preSolution
		HideSolutionNode = FALSE
	EndGlobalSection
	GlobalSection(ExtensibilityGlobals) = postSolution
		SolutionGuid = {FC8AA2AE-9385-4EF3-BAC3-D6611052165E}
	EndGlobalSection
EndGlobal
